
Microsoft Visual Studio Solution File, Format Version 12.00
# Visual Studio 14
VisualStudioVersion = 14.0.23107.0
MinimumVisualStudioVersion = 10.0.40219.1
Project("{2150E333-8FDC-42A3-9474-1A3956D46DE8}") = "src", "src", "{536B39CB-800C-4CE0-9881-A22D06A6F119}"
EndProject
Project("{2150E333-8FDC-42A3-9474-1A3956D46DE8}") = "test", "test", "{DC409977-D399-4E0B-8E83-F50F5F605570}"
EndProject
Project("{8BB2217D-0F2D-49D1-97BC-3654ED321F3B}") = "Simle.System.Site", "src\Simle.System.Site\Simle.System.Site.xproj", "{CC4654FD-2F77-4C0C-83AD-CCB85F6B6C08}"
EndProject
Project("{2150E333-8FDC-42A3-9474-1A3956D46DE8}") = "client", "client", "{1D226280-9DF5-469A-8C24-9C2CFE5A93BE}"
EndProject
Project("{2150E333-8FDC-42A3-9474-1A3956D46DE8}") = "service", "service", "{3A85FC14-094C-4413-B036-E1A77628E6B2}"
EndProject
Project("{2150E333-8FDC-42A3-9474-1A3956D46DE8}") = "infrastructure", "infrastructure", "{7EBB7677-DB7F-426C-AAEC-8DD3691DDFC6}"
EndProject
Project("{FAE04EC0-301F-11D3-BF4B-00C04F79EFBC}") = "Simle.System.WebExtension", "src\Simle.System.WebExtension\Simle.System.WebExtension.csproj", "{3C263509-453A-405C-A355-1C9C7BCAEF56}"
EndProject
Project("{2150E333-8FDC-42A3-9474-1A3956D46DE8}") = "domain", "domain", "{EDC86A78-DDB0-47C0-9CC0-DAEB4C21D04E}"
EndProject
Project("{FAE04EC0-301F-11D3-BF4B-00C04F79EFBC}") = "Simle.System.BLL", "src\Simle.System.BLL\Simle.System.BLL.csproj", "{F76045AF-B650-45DC-8468-0108D685BE09}"
EndProject
Project("{FAE04EC0-301F-11D3-BF4B-00C04F79EFBC}") = "Simle.System.DAL", "src\Simle.System.DAL\Simle.System.DAL.csproj", "{4E1DEC40-E4EB-46C8-8249-83EAEBDD392A}"
EndProject
Project("{FAE04EC0-301F-11D3-BF4B-00C04F79EFBC}") = "Simle.System.Entity", "src\Simle.System.Entity\Simle.System.Entity.csproj", "{6027C05D-D949-4D41-98FA-4FE4532A9182}"
EndProject
Project("{FAE04EC0-301F-11D3-BF4B-00C04F79EFBC}") = "Simle.System.Model", "src\Simle.System.Model\Simle.System.Model.csproj", "{04690F3A-BD2E-4D7C-B7A7-14E1378F4B18}"
EndProject
Project("{FAE04EC0-301F-11D3-BF4B-00C04F79EFBC}") = "Simle.System.Site.Tests", "test\Simle.System.Site.Tests\Simle.System.Site.Tests.csproj", "{D127D0F6-C2F8-4B7A-9ABE-6AABEE0E0640}"
EndProject
Project("{FAE04EC0-301F-11D3-BF4B-00C04F79EFBC}") = "Simle.System.BLL.Tests", "test\Simle.System.BLL.Tests\Simle.System.BLL.Tests.csproj", "{84FE5DE8-0A7B-4DA2-BEA6-AFA4B3C5D38D}"
EndProject
Project("{FAE04EC0-301F-11D3-BF4B-00C04F79EFBC}") = "Simle.System.DAL.Tests", "test\Simle.System.DAL.Tests\Simle.System.DAL.Tests.csproj", "{FC2B7979-FA66-41AD-915A-DBDF6B83593C}"
EndProject
Project("{FAE04EC0-301F-11D3-BF4B-00C04F79EFBC}") = "Simle.System.WebExtension.Tests", "test\Simle.System.WebExtension.Tests\Simle.System.WebExtension.Tests.csproj", "{000D0C64-538D-4E4F-AF64-3E1F095474E2}"
EndProject
Project("{FAE04EC0-301F-11D3-BF4B-00C04F79EFBC}") = "Simle.System.Job", "src\Simle.System.Job\Simle.System.Job.csproj", "{CF1AE1AF-B4DA-46C4-A93A-0AFDFC5D0076}"
EndProject
Project("{8BB2217D-0F2D-49D1-97BC-3654ED321F3B}") = "Simle.System.WapSite", "src\Simle.System.WapSite\Simle.System.WapSite.xproj", "{BE27F1B4-732E-4DD5-8B60-9B25DE3B6F14}"
EndProject
Project("{8BB2217D-0F2D-49D1-97BC-3654ED321F3B}") = "Simle.System.Kit", "src\Simle.System.Kit\Simle.System.Kit.xproj", "{65C0B02A-AA35-4D2D-B811-C724BF532442}"
EndProject
Project("{FAE04EC0-301F-11D3-BF4B-00C04F79EFBC}") = "Simle.System.Kit.Tests", "test\Simle.System.Kit.Tests\Simle.System.Kit.Tests.csproj", "{09D1FC67-464D-46AA-89E1-78B479A4E6C9}"
EndProject
Project("{8BB2217D-0F2D-49D1-97BC-3654ED321F3B}") = "Simle.System.API", "src\Simle.System.API\Simle.System.API.xproj", "{0F906677-2A66-4A85-A300-5D4E0E2BAAD5}"
EndProject
Project("{FAE04EC0-301F-11D3-BF4B-00C04F79EFBC}") = "Simle.System.API.Tests", "test\Simle.System.API.Tests\Simle.System.API.Tests.csproj", "{A02CD55A-34C1-4867-9A34-034930160729}"
EndProject
Global
	GlobalSection(SolutionConfigurationPlatforms) = preSolution
		Debug|Any CPU = Debug|Any CPU
		Release|Any CPU = Release|Any CPU
	EndGlobalSection
	GlobalSection(ProjectConfigurationPlatforms) = postSolution
		{CC4654FD-2F77-4C0C-83AD-CCB85F6B6C08}.Debug|Any CPU.ActiveCfg = Debug|Any CPU
		{CC4654FD-2F77-4C0C-83AD-CCB85F6B6C08}.Debug|Any CPU.Build.0 = Debug|Any CPU
		{CC4654FD-2F77-4C0C-83AD-CCB85F6B6C08}.Release|Any CPU.ActiveCfg = Release|Any CPU
		{CC4654FD-2F77-4C0C-83AD-CCB85F6B6C08}.Release|Any CPU.Build.0 = Release|Any CPU
		{3C263509-453A-405C-A355-1C9C7BCAEF56}.Debug|Any CPU.ActiveCfg = Debug|Any CPU
		{3C263509-453A-405C-A355-1C9C7BCAEF56}.Debug|Any CPU.Build.0 = Debug|Any CPU
		{3C263509-453A-405C-A355-1C9C7BCAEF56}.Release|Any CPU.ActiveCfg = Release|Any CPU
		{3C263509-453A-405C-A355-1C9C7BCAEF56}.Release|Any CPU.Build.0 = Release|Any CPU
		{F76045AF-B650-45DC-8468-0108D685BE09}.Debug|Any CPU.ActiveCfg = Debug|Any CPU
		{F76045AF-B650-45DC-8468-0108D685BE09}.Debug|Any CPU.Build.0 = Debug|Any CPU
		{F76045AF-B650-45DC-8468-0108D685BE09}.Release|Any CPU.ActiveCfg = Release|Any CPU
		{F76045AF-B650-45DC-8468-0108D685BE09}.Release|Any CPU.Build.0 = Release|Any CPU
		{4E1DEC40-E4EB-46C8-8249-83EAEBDD392A}.Debug|Any CPU.ActiveCfg = Debug|Any CPU
		{4E1DEC40-E4EB-46C8-8249-83EAEBDD392A}.Debug|Any CPU.Build.0 = Debug|Any CPU
		{4E1DEC40-E4EB-46C8-8249-83EAEBDD392A}.Release|Any CPU.ActiveCfg = Release|Any CPU
		{4E1DEC40-E4EB-46C8-8249-83EAEBDD392A}.Release|Any CPU.Build.0 = Release|Any CPU
		{6027C05D-D949-4D41-98FA-4FE4532A9182}.Debug|Any CPU.ActiveCfg = Debug|Any CPU
		{6027C05D-D949-4D41-98FA-4FE4532A9182}.Debug|Any CPU.Build.0 = Debug|Any CPU
		{6027C05D-D949-4D41-98FA-4FE4532A9182}.Release|Any CPU.ActiveCfg = Release|Any CPU
		{6027C05D-D949-4D41-98FA-4FE4532A9182}.Release|Any CPU.Build.0 = Release|Any CPU
		{04690F3A-BD2E-4D7C-B7A7-14E1378F4B18}.Debug|Any CPU.ActiveCfg = Debug|Any CPU
		{04690F3A-BD2E-4D7C-B7A7-14E1378F4B18}.Debug|Any CPU.Build.0 = Debug|Any CPU
		{04690F3A-BD2E-4D7C-B7A7-14E1378F4B18}.Release|Any CPU.ActiveCfg = Release|Any CPU
		{04690F3A-BD2E-4D7C-B7A7-14E1378F4B18}.Release|Any CPU.Build.0 = Release|Any CPU
		{D127D0F6-C2F8-4B7A-9ABE-6AABEE0E0640}.Debug|Any CPU.ActiveCfg = Debug|Any CPU
		{D127D0F6-C2F8-4B7A-9ABE-6AABEE0E0640}.Debug|Any CPU.Build.0 = Debug|Any CPU
		{D127D0F6-C2F8-4B7A-9ABE-6AABEE0E0640}.Release|Any CPU.ActiveCfg = Release|Any CPU
		{D127D0F6-C2F8-4B7A-9ABE-6AABEE0E0640}.Release|Any CPU.Build.0 = Release|Any CPU
		{84FE5DE8-0A7B-4DA2-BEA6-AFA4B3C5D38D}.Debug|Any CPU.ActiveCfg = Debug|Any CPU
		{84FE5DE8-0A7B-4DA2-BEA6-AFA4B3C5D38D}.Debug|Any CPU.Build.0 = Debug|Any CPU
		{84FE5DE8-0A7B-4DA2-BEA6-AFA4B3C5D38D}.Release|Any CPU.ActiveCfg = Release|Any CPU
		{84FE5DE8-0A7B-4DA2-BEA6-AFA4B3C5D38D}.Release|Any CPU.Build.0 = Release|Any CPU
		{FC2B7979-FA66-41AD-915A-DBDF6B83593C}.Debug|Any CPU.ActiveCfg = Debug|Any CPU
		{FC2B7979-FA66-41AD-915A-DBDF6B83593C}.Debug|Any CPU.Build.0 = Debug|Any CPU
		{FC2B7979-FA66-41AD-915A-DBDF6B83593C}.Release|Any CPU.ActiveCfg = Release|Any CPU
		{FC2B7979-FA66-41AD-915A-DBDF6B83593C}.Release|Any CPU.Build.0 = Release|Any CPU
		{000D0C64-538D-4E4F-AF64-3E1F095474E2}.Debug|Any CPU.ActiveCfg = Debug|Any CPU
		{000D0C64-538D-4E4F-AF64-3E1F095474E2}.Debug|Any CPU.Build.0 = Debug|Any CPU
		{000D0C64-538D-4E4F-AF64-3E1F095474E2}.Release|Any CPU.ActiveCfg = Release|Any CPU
		{000D0C64-538D-4E4F-AF64-3E1F095474E2}.Release|Any CPU.Build.0 = Release|Any CPU
		{CF1AE1AF-B4DA-46C4-A93A-0AFDFC5D0076}.Debug|Any CPU.ActiveCfg = Debug|Any CPU
		{CF1AE1AF-B4DA-46C4-A93A-0AFDFC5D0076}.Debug|Any CPU.Build.0 = Debug|Any CPU
		{CF1AE1AF-B4DA-46C4-A93A-0AFDFC5D0076}.Release|Any CPU.ActiveCfg = Release|Any CPU
		{CF1AE1AF-B4DA-46C4-A93A-0AFDFC5D0076}.Release|Any CPU.Build.0 = Release|Any CPU
		{BE27F1B4-732E-4DD5-8B60-9B25DE3B6F14}.Debug|Any CPU.ActiveCfg = Debug|Any CPU
		{BE27F1B4-732E-4DD5-8B60-9B25DE3B6F14}.Debug|Any CPU.Build.0 = Debug|Any CPU
		{BE27F1B4-732E-4DD5-8B60-9B25DE3B6F14}.Release|Any CPU.ActiveCfg = Release|Any CPU
		{BE27F1B4-732E-4DD5-8B60-9B25DE3B6F14}.Release|Any CPU.Build.0 = Release|Any CPU
		{65C0B02A-AA35-4D2D-B811-C724BF532442}.Debug|Any CPU.ActiveCfg = Debug|Any CPU
		{65C0B02A-AA35-4D2D-B811-C724BF532442}.Debug|Any CPU.Build.0 = Debug|Any CPU
		{65C0B02A-AA35-4D2D-B811-C724BF532442}.Release|Any CPU.ActiveCfg = Release|Any CPU
		{65C0B02A-AA35-4D2D-B811-C724BF532442}.Release|Any CPU.Build.0 = Release|Any CPU
		{09D1FC67-464D-46AA-89E1-78B479A4E6C9}.Debug|Any CPU.ActiveCfg = Debug|Any CPU
		{09D1FC67-464D-46AA-89E1-78B479A4E6C9}.Debug|Any CPU.Build.0 = Debug|Any CPU
		{09D1FC67-464D-46AA-89E1-78B479A4E6C9}.Release|Any CPU.ActiveCfg = Release|Any CPU
		{09D1FC67-464D-46AA-89E1-78B479A4E6C9}.Release|Any CPU.Build.0 = Release|Any CPU
		{0F906677-2A66-4A85-A300-5D4E0E2BAAD5}.Debug|Any CPU.ActiveCfg = Debug|Any CPU
		{0F906677-2A66-4A85-A300-5D4E0E2BAAD5}.Debug|Any CPU.Build.0 = Debug|Any CPU
		{0F906677-2A66-4A85-A300-5D4E0E2BAAD5}.Release|Any CPU.ActiveCfg = Release|Any CPU
		{0F906677-2A66-4A85-A300-5D4E0E2BAAD5}.Release|Any CPU.Build.0 = Release|Any CPU
		{A02CD55A-34C1-4867-9A34-034930160729}.Debug|Any CPU.ActiveCfg = Debug|Any CPU
		{A02CD55A-34C1-4867-9A34-034930160729}.Debug|Any CPU.Build.0 = Debug|Any CPU
		{A02CD55A-34C1-4867-9A34-034930160729}.Release|Any CPU.ActiveCfg = Release|Any CPU
		{A02CD55A-34C1-4867-9A34-034930160729}.Release|Any CPU.Build.0 = Release|Any CPU
	EndGlobalSection
	GlobalSection(SolutionProperties) = preSolution
		HideSolutionNode = FALSE
	EndGlobalSection
	GlobalSection(NestedProjects) = preSolution
		{CC4654FD-2F77-4C0C-83AD-CCB85F6B6C08} = {1D226280-9DF5-469A-8C24-9C2CFE5A93BE}
		{1D226280-9DF5-469A-8C24-9C2CFE5A93BE} = {536B39CB-800C-4CE0-9881-A22D06A6F119}
		{3A85FC14-094C-4413-B036-E1A77628E6B2} = {536B39CB-800C-4CE0-9881-A22D06A6F119}
		{7EBB7677-DB7F-426C-AAEC-8DD3691DDFC6} = {536B39CB-800C-4CE0-9881-A22D06A6F119}
		{3C263509-453A-405C-A355-1C9C7BCAEF56} = {7EBB7677-DB7F-426C-AAEC-8DD3691DDFC6}
		{EDC86A78-DDB0-47C0-9CC0-DAEB4C21D04E} = {536B39CB-800C-4CE0-9881-A22D06A6F119}
		{F76045AF-B650-45DC-8468-0108D685BE09} = {EDC86A78-DDB0-47C0-9CC0-DAEB4C21D04E}
		{4E1DEC40-E4EB-46C8-8249-83EAEBDD392A} = {EDC86A78-DDB0-47C0-9CC0-DAEB4C21D04E}
		{6027C05D-D949-4D41-98FA-4FE4532A9182} = {EDC86A78-DDB0-47C0-9CC0-DAEB4C21D04E}
		{04690F3A-BD2E-4D7C-B7A7-14E1378F4B18} = {1D226280-9DF5-469A-8C24-9C2CFE5A93BE}
		{D127D0F6-C2F8-4B7A-9ABE-6AABEE0E0640} = {DC409977-D399-4E0B-8E83-F50F5F605570}
		{84FE5DE8-0A7B-4DA2-BEA6-AFA4B3C5D38D} = {DC409977-D399-4E0B-8E83-F50F5F605570}
		{FC2B7979-FA66-41AD-915A-DBDF6B83593C} = {DC409977-D399-4E0B-8E83-F50F5F605570}
		{000D0C64-538D-4E4F-AF64-3E1F095474E2} = {DC409977-D399-4E0B-8E83-F50F5F605570}
		{CF1AE1AF-B4DA-46C4-A93A-0AFDFC5D0076} = {3A85FC14-094C-4413-B036-E1A77628E6B2}
		{BE27F1B4-732E-4DD5-8B60-9B25DE3B6F14} = {1D226280-9DF5-469A-8C24-9C2CFE5A93BE}
		{65C0B02A-AA35-4D2D-B811-C724BF532442} = {7EBB7677-DB7F-426C-AAEC-8DD3691DDFC6}
		{09D1FC67-464D-46AA-89E1-78B479A4E6C9} = {DC409977-D399-4E0B-8E83-F50F5F605570}
		{0F906677-2A66-4A85-A300-5D4E0E2BAAD5} = {3A85FC14-094C-4413-B036-E1A77628E6B2}
		{A02CD55A-34C1-4867-9A34-034930160729} = {DC409977-D399-4E0B-8E83-F50F5F605570}
	EndGlobalSection
EndGlobal
